
Microsoft Visual Studio Solution File, Format Version 12.00
# Visual Studio Version 17
VisualStudioVersion = 17.2.32505.173
MinimumVisualStudioVersion = 10.0.40219.1
Project("{2150E333-8FDC-42A3-9474-1A3956D46DE8}") = "src", "src", "{78EC90F2-48F9-4893-A2EC-0C60A00DF72D}"
	ProjectSection(SolutionItems) = preProject
		Build-PLGX.ps1 = Build-PLGX.ps1
		Complete-Building.ps1 = Complete-Building.ps1
		LICENSE.txt = LICENSE.txt
		Optimize-Project.ps1 = Optimize-Project.ps1
	EndProjectSection
EndProject
Project("{2150E333-8FDC-42A3-9474-1A3956D46DE8}") = "tests", "tests", "{15967953-18EF-438A-B9A5-FDBEFECAC6EE}"
EndProject
Project("{9A19103F-16F7-4668-BE54-9A1E7A4F7556}") = "KP2chanTests", "tests\KP2chanTests\KP2chanTests.csproj", "{3A5B80BC-7624-45A0-985C-E1B242BF85E4}"
EndProject
Project("{2150E333-8FDC-42A3-9474-1A3956D46DE8}") = "docs", "docs", "{4F9C63F0-BC98-4219-B924-0806F9ADB29B}"
	ProjectSection(SolutionItems) = preProject
		docs\building.md = docs\building.md
	EndProjectSection
EndProject
Project("{FAE04EC0-301F-11D3-BF4B-00C04F79EFBC}") = "KP2chan", "src\KP2chan\KP2chan.csproj", "{CF4262E3-9F1E-4C21-AFD4-93DB27702737}"
EndProject
Global
	GlobalSection(SolutionConfigurationPlatforms) = preSolution
		Debug|Any CPU = Debug|Any CPU
		Release|Any CPU = Release|Any CPU
	EndGlobalSection
	GlobalSection(ProjectConfigurationPlatforms) = postSolution
		{3A5B80BC-7624-45A0-985C-E1B242BF85E4}.Debug|Any CPU.ActiveCfg = Debug|Any CPU
		{3A5B80BC-7624-45A0-985C-E1B242BF85E4}.Debug|Any CPU.Build.0 = Debug|Any CPU
		{3A5B80BC-7624-45A0-985C-E1B242BF85E4}.Release|Any CPU.ActiveCfg = Release|Any CPU
		{3A5B80BC-7624-45A0-985C-E1B242BF85E4}.Release|Any CPU.Build.0 = Release|Any CPU
		{CF4262E3-9F1E-4C21-AFD4-93DB27702737}.Debug|Any CPU.ActiveCfg = Debug|Any CPU
		{CF4262E3-9F1E-4C21-AFD4-93DB27702737}.Debug|Any CPU.Build.0 = Debug|Any CPU
		{CF4262E3-9F1E-4C21-AFD4-93DB27702737}.Release|Any CPU.ActiveCfg = Release|Any CPU
		{CF4262E3-9F1E-4C21-AFD4-93DB27702737}.Release|Any CPU.Build.0 = Release|Any CPU
	EndGlobalSection
	GlobalSection(SolutionProperties) = preSolution
		HideSolutionNode = FALSE
	EndGlobalSection
	GlobalSection(NestedProjects) = preSolution
		{3A5B80BC-7624-45A0-985C-E1B242BF85E4} = {15967953-18EF-438A-B9A5-FDBEFECAC6EE}
		{CF4262E3-9F1E-4C21-AFD4-93DB27702737} = {78EC90F2-48F9-4893-A2EC-0C60A00DF72D}
	EndGlobalSection
	GlobalSection(ExtensibilityGlobals) = postSolution
		SolutionGuid = {011A1A04-47F7-4B21-BE08-8734EF0FD025}
	EndGlobalSection
EndGlobal
