
Microsoft Visual Studio Solution File, Format Version 12.00
# Visual Studio Version 17
VisualStudioVersion = 17.2.32505.173
MinimumVisualStudioVersion = 10.0.40219.1
Project("{2150E333-8FDC-42A3-9474-1A3956D46DE8}") = "KP2chan", "KP2chan", "{6CA3CC66-B461-4614-A23B-3652447F5336}"
	ProjectSection(SolutionItems) = preProject
		.gitattributes = .gitattributes
		.gitignore = .gitignore
		.licenseheader = .licenseheader
		Build-Plgx.ps1 = Build-Plgx.ps1
		KP2chan.ruleset = KP2chan.ruleset
		LICENSE.txt = LICENSE.txt
		README.md = README.md
	EndProjectSection
EndProject
Project("{FAE04EC0-301F-11D3-BF4B-00C04F79EFBC}") = "KP2chanExt", "KP2chan\KP2chanExt.csproj", "{CF4262E3-9F1E-4C21-AFD4-93DB27702737}"
EndProject
Global
	GlobalSection(SolutionConfigurationPlatforms) = preSolution
		Debug|Any CPU = Debug|Any CPU
		Release|Any CPU = Release|Any CPU
	EndGlobalSection
	GlobalSection(ProjectConfigurationPlatforms) = postSolution
		{CF4262E3-9F1E-4C21-AFD4-93DB27702737}.Debug|Any CPU.ActiveCfg = Debug|Any CPU
		{CF4262E3-9F1E-4C21-AFD4-93DB27702737}.Debug|Any CPU.Build.0 = Debug|Any CPU
		{CF4262E3-9F1E-4C21-AFD4-93DB27702737}.Release|Any CPU.ActiveCfg = Release|Any CPU
		{CF4262E3-9F1E-4C21-AFD4-93DB27702737}.Release|Any CPU.Build.0 = Release|Any CPU
	EndGlobalSection
	GlobalSection(SolutionProperties) = preSolution
		HideSolutionNode = FALSE
	EndGlobalSection
	GlobalSection(ExtensibilityGlobals) = postSolution
		SolutionGuid = {011A1A04-47F7-4B21-BE08-8734EF0FD025}
	EndGlobalSection
EndGlobal
